
Microsoft Visual Studio Solution File, Format Version 12.00
# Visual Studio Version 16
VisualStudioVersion = 16.0.30907.101
MinimumVisualStudioVersion = 10.0.40219.1
Project("{FAE04EC0-301F-11D3-BF4B-00C04F79EFBC}") = "com.example.host", "com.example.host\com.example.host.csproj", "{DFAEB3A5-78A7-4887-BBD6-8892F0FA84E6}"
EndProject
Project("{FAE04EC0-301F-11D3-BF4B-00C04F79EFBC}") = "com.example.common", "com.example.common\com.example.common.csproj", "{E3F0C274-7011-4189-B012-A101DD5AF517}"
EndProject
Global
	GlobalSection(SolutionConfigurationPlatforms) = preSolution
		Debug|Any CPU = Debug|Any CPU
		Release|Any CPU = Release|Any CPU
	EndGlobalSection
	GlobalSection(ProjectConfigurationPlatforms) = postSolution
		{DFAEB3A5-78A7-4887-BBD6-8892F0FA84E6}.Debug|Any CPU.ActiveCfg = Debug|Any CPU
		{DFAEB3A5-78A7-4887-BBD6-8892F0FA84E6}.Debug|Any CPU.Build.0 = Debug|Any CPU
		{DFAEB3A5-78A7-4887-BBD6-8892F0FA84E6}.Release|Any CPU.ActiveCfg = Release|Any CPU
		{DFAEB3A5-78A7-4887-BBD6-8892F0FA84E6}.Release|Any CPU.Build.0 = Release|Any CPU
		{E3F0C274-7011-4189-B012-A101DD5AF517}.Debug|Any CPU.ActiveCfg = Debug|Any CPU
		{E3F0C274-7011-4189-B012-A101DD5AF517}.Debug|Any CPU.Build.0 = Debug|Any CPU
		{E3F0C274-7011-4189-B012-A101DD5AF517}.Release|Any CPU.ActiveCfg = Release|Any CPU
		{E3F0C274-7011-4189-B012-A101DD5AF517}.Release|Any CPU.Build.0 = Release|Any CPU
	EndGlobalSection
	GlobalSection(SolutionProperties) = preSolution
		HideSolutionNode = FALSE
	EndGlobalSection
	GlobalSection(ExtensibilityGlobals) = postSolution
		SolutionGuid = {A4358585-9CD1-4085-A8CB-33F63D324849}
	EndGlobalSection
EndGlobal
